
Microsoft Visual Studio Solution File, Format Version 12.00
# Visual Studio Version 17
VisualStudioVersion = 17.7.34221.43
MinimumVisualStudioVersion = 10.0.40219.1
Project("{FAE04EC0-301F-11D3-BF4B-00C04F79EFBC}") = "presentacion", "presentacion\presentacion.csproj", "{1856593E-5511-49DD-8627-F572D59159B5}"
EndProject
Project("{FAE04EC0-301F-11D3-BF4B-00C04F79EFBC}") = "negocio", "negocio\negocio.csproj", "{EFE5AE6C-BEF1-41B4-A002-48C6E6407C3E}"
EndProject
Project("{FAE04EC0-301F-11D3-BF4B-00C04F79EFBC}") = "dominio", "dominio\dominio.csproj", "{8642EE9D-D595-4B92-88E5-9212C6F9D09A}"
EndProject
Global
	GlobalSection(SolutionConfigurationPlatforms) = preSolution
		Debug|Any CPU = Debug|Any CPU
		Release|Any CPU = Release|Any CPU
	EndGlobalSection
	GlobalSection(ProjectConfigurationPlatforms) = postSolution
		{1856593E-5511-49DD-8627-F572D59159B5}.Debug|Any CPU.ActiveCfg = Debug|Any CPU
		{1856593E-5511-49DD-8627-F572D59159B5}.Debug|Any CPU.Build.0 = Debug|Any CPU
		{1856593E-5511-49DD-8627-F572D59159B5}.Release|Any CPU.ActiveCfg = Release|Any CPU
		{1856593E-5511-49DD-8627-F572D59159B5}.Release|Any CPU.Build.0 = Release|Any CPU
		{EFE5AE6C-BEF1-41B4-A002-48C6E6407C3E}.Debug|Any CPU.ActiveCfg = Debug|Any CPU
		{EFE5AE6C-BEF1-41B4-A002-48C6E6407C3E}.Debug|Any CPU.Build.0 = Debug|Any CPU
		{EFE5AE6C-BEF1-41B4-A002-48C6E6407C3E}.Release|Any CPU.ActiveCfg = Release|Any CPU
		{EFE5AE6C-BEF1-41B4-A002-48C6E6407C3E}.Release|Any CPU.Build.0 = Release|Any CPU
		{8642EE9D-D595-4B92-88E5-9212C6F9D09A}.Debug|Any CPU.ActiveCfg = Debug|Any CPU
		{8642EE9D-D595-4B92-88E5-9212C6F9D09A}.Debug|Any CPU.Build.0 = Debug|Any CPU
		{8642EE9D-D595-4B92-88E5-9212C6F9D09A}.Release|Any CPU.ActiveCfg = Release|Any CPU
		{8642EE9D-D595-4B92-88E5-9212C6F9D09A}.Release|Any CPU.Build.0 = Release|Any CPU
	EndGlobalSection
	GlobalSection(SolutionProperties) = preSolution
		HideSolutionNode = FALSE
	EndGlobalSection
	GlobalSection(ExtensibilityGlobals) = postSolution
		SolutionGuid = {671CC426-07D6-431E-A84E-12756703C06A}
	EndGlobalSection
EndGlobal
